{
  "nodes": {
    "ags": {
      "inputs": {
        "astal": "astal",
        "nixpkgs": [
          "paw-bar",
          "nixpkgs"
        ]
      },
      "locked": {
        "lastModified": 1775689345,
        "narHash": "sha256-tM3s7CX+tgxlYW0Sk3nzVThg2MHn08foIuMxABupxIs=",
        "owner": "aylur",
        "repo": "ags",
        "rev": "bbee2f18939f1ec7ff720e717cf305e73635628f",
        "type": "github"
      },
      "original": {
        "owner": "aylur",
        "repo": "ags",
        "type": "github"
      }
    },
    "anyrun-nixos-options": {
      "inputs": {
        "nixpkgs": [
          "nixpkgs"
        ]
      },
      "locked": {
        "lastModified": 1786736667,
        "narHash": "sha256-73Db0MmxWnDDl3Q08xU9AUzqKnyoTzWgu0Xkh4+W8OI=",
        "owner": "catboylei",
        "repo": "anyrun-nixos-options",
        "rev": "0ce9ac23fb11365766eaf6b8dadf53a3ff0d8564",
        "type": "github"
      },
      "original": {
        "owner": "catboylei",
        "repo": "anyrun-nixos-options",
        "type": "github"
      }
    },
    "astal": {
      "inputs": {
        "nixpkgs": [
          "paw-bar",
          "ags",
          "nixpkgs"
        ]
      },
      "locked": {
        "lastModified": 1773914523,
        "narHash": "sha256-GOL+bR30FPImAzy4NNsTMY1gpoINMsLTXR0WJBRSq30=",
        "owner": "aylur",
        "repo": "astal",
        "rev": "41b50290c6a1cdce7b482897c22fe49286912b9a",
        "type": "github"
      },
      "original": {
        "owner": "aylur",
        "repo": "astal",
        "type": "github"
      }
    },
    "fenix": {
      "inputs": {
        "nixpkgs": [
          "formatter",
          "nixpkgs"
        ],
        "rust-analyzer-src": "rust-analyzer-src"
      },
      "locked": {
        "lastModified": 1788261902,
        "narHash": "sha256-N7UHRZbJzgWaad+SOgl9QlWKiBulHan2/ezZhLfnjlo=",
        "owner": "nix-community",
        "repo": "fenix",
        "rev": "af85de9d317b402448a8ebb06bc16c7fd82f0375",
        "type": "github"
      },
      "original": {
        "owner": "nix-community",
        "repo": "fenix",
        "type": "github"
      }
    },
    "formatter": {
      "inputs": {
        "fenix": "fenix",
        "nixpkgs": [
          "nixpkgs"
        ]
      },
      "locked": {
        "lastModified": 1788269658,
        "narHash": "sha256-Abn+BP9gnseH2uVHSf6Zbdbn8Q5+7fn50u6vTsC6JQ8=",
        "owner": "itsyunaya",
        "repo": "alejandra-opinionated",
        "rev": "65eb678f62fd2f92d72b047efc22478f2d83e1d4",
        "type": "github"
      },
      "original": {
        "owner": "itsyunaya",
        "repo": "alejandra-opinionated",
        "type": "github"
      }
    },
    "home-manager": {
      "inputs": {
        "nixpkgs": [
          "nixpkgs"
        ]
      },
      "locked": {
        "lastModified": 1789765459,
        "narHash": "sha256-voJJ5IZR4w2149u2Jm/j2zifeWROlpZQ+JzmCQwjgn8=",
        "owner": "nix-community",
        "repo": "home-manager",
        "rev": "17903129f47656fa4d07e78ad87f6592ff4f2527",
        "type": "github"
      },
      "original": {
        "owner": "nix-community",
        "repo": "home-manager",
        "type": "github"
      }
    },
    "meowvim": {
      "inputs": {
        "mnw": "mnw",
        "nixpkgs": [
          "nixpkgs"
        ],
        "nvim-source": "nvim-source"
      },
      "locked": {
        "lastModified": 1789996757,
        "narHash": "sha256-wsx+Fx0WUOU74fb4I1Suwla5gAU0RYqem68Xn50BYmI=",
        "owner": "itsyunaya",
        "repo": "meowvim",
        "rev": "307c3041b71d7697df25da049f621d4a17ad0abf",
        "type": "github"
      },
      "original": {
        "owner": "itsyunaya",
        "repo": "meowvim",
        "type": "github"
      }
    },
    "mnw": {
      "locked": {
        "lastModified": 1784154424,
        "narHash": "sha256-HRn4O1X2ShYtbq5Egji72/aemyc2cIQicjRZD9hBqM8=",
        "owner": "Gerg-L",
        "repo": "mnw",
        "rev": "0151d9fa87992cbeb67c86616fb9170dcec830b6",
        "type": "github"
      },
      "original": {
        "owner": "Gerg-L",
        "repo": "mnw",
        "type": "github"
      }
    },
    "niri": {
      "inputs": {
        "niri-stable": "niri-stable",
        "niri-unstable": "niri-unstable",
        "nixpkgs": [
          "nixpkgs"
        ],
        "nixpkgs-stable": "nixpkgs-stable",
        "xwayland-satellite-stable": "xwayland-satellite-stable",
        "xwayland-satellite-unstable": "xwayland-satellite-unstable"
      },
      "locked": {
        "lastModified": 1789840659,
        "narHash": "sha256-JpY/lYGo2rrf/unZvQR3+VXO09pI9AczP36ccOHCGvg=",
        "owner": "epireyn",
        "repo": "niri-flake",
        "rev": "ab9c8f902dfc19b5a2caac0ab2ded300fcf14012",
        "type": "github"
      },
      "original": {
        "owner": "epireyn",
        "repo": "niri-flake",
        "type": "github"
      }
    },
    "niri-stable": {
      "flake": false,
      "locked": {
        "lastModified": 1777115961,
        "narHash": "sha256-ehSMsSpE+0k8r+2Vseu8kangsYxToZv3vinynsDp9zs=",
        "owner": "niri-wm",
        "repo": "niri",
        "rev": "8ed0da44d974c32c6877d2f4630c314da0717ecb",
        "type": "github"
      },
      "original": {
        "owner": "niri-wm",
        "ref": "v26.04",
        "repo": "niri",
        "type": "github"
      }
    },
    "niri-unstable": {
      "flake": false,
      "locked": {
        "lastModified": 1789804278,
        "narHash": "sha256-HDn3PxxIuHSxkC+BRna4x7WxE4nhD58qNCYP6sT9ryo=",
        "owner": "niri-wm",
        "repo": "niri",
        "rev": "62c230a662ac913a54fc49c86fda0406da3f3ba9",
        "type": "github"
      },
      "original": {
        "owner": "niri-wm",
        "repo": "niri",
        "type": "github"
      }
    },
    "nixpkgs": {
      "locked": {
        "lastModified": 1789785513,
        "narHash": "sha256-B44WL6h0XoLjJ41bUPJk0X5SDinLCII//6EcBLXKiJ0=",
        "owner": "nixos",
        "repo": "nixpkgs",
        "rev": "20b1ddd1aa5ace70c9468305030aa4f9ef79671b",
        "type": "github"
      },
      "original": {
        "owner": "nixos",
        "ref": "nixos-unstable",
        "repo": "nixpkgs",
        "type": "github"
      }
    },
    "nixpkgs-stable": {
      "locked": {
        "lastModified": 1789749394,
        "narHash": "sha256-cFTsMQz8Hzn8MT49oaeLSHg62tE86NykugCWkeM2ypk=",
        "owner": "NixOS",
        "repo": "nixpkgs",
        "rev": "cf9d2fb3e50fa1cd5114c47505ea9177f7ff5f49",
        "type": "github"
      },
      "original": {
        "owner": "NixOS",
        "ref": "nixos-26.05",
        "repo": "nixpkgs",
        "type": "github"
      }
    },
    "nvim-source": {
      "flake": false,
      "locked": {
        "lastModified": 1788784257,
        "narHash": "sha256-5aY6Nb+VPhTEPcVhK/vdg4HuCpT45psVTnwHwtAv9BQ=",
        "owner": "neovim",
        "repo": "neovim",
        "rev": "fdf071959e3b913e56a10f227f034b530a90be99",
        "type": "github"
      },
      "original": {
        "owner": "neovim",
        "repo": "neovim",
        "type": "github"
      }
    },
    "paw-bar": {
      "inputs": {
        "ags": "ags",
        "nixpkgs": [
          "nixpkgs"
        ]
      },
      "locked": {
        "lastModified": 1786450299,
        "narHash": "sha256-t5bfR9i1+h391I1W99wn7nKI4+YH5DxbNeO0gdctm80=",
        "owner": "catboylei",
        "repo": "paw-bar",
        "rev": "13cd9e9c6354142f8ab0d7884b2ae94522123d4f",
        "type": "github"
      },
      "original": {
        "owner": "catboylei",
        "repo": "paw-bar",
        "type": "github"
      }
    },
    "root": {
      "inputs": {
        "anyrun-nixos-options": "anyrun-nixos-options",
        "formatter": "formatter",
        "home-manager": "home-manager",
        "meowvim": "meowvim",
        "niri": "niri",
        "nixpkgs": "nixpkgs",
        "paw-bar": "paw-bar",
        "zen-browser": "zen-browser"
      }
    },
    "rust-analyzer-src": {
      "flake": false,
      "locked": {
        "lastModified": 1788194240,
        "narHash": "sha256-dehprdAEnE6veOVeKq1wbOKmwPPoNbVHwwBj3l8rOFY=",
        "owner": "rust-lang",
        "repo": "rust-analyzer",
        "rev": "ce43a12d9fe4a24e5d6a86d29a57234efcc902b7",
        "type": "github"
      },
      "original": {
        "owner": "rust-lang",
        "ref": "nightly",
        "repo": "rust-analyzer",
        "type": "github"
      }
    },
    "xwayland-satellite-stable": {
      "flake": false,
      "locked": {
        "lastModified": 1784679892,
        "narHash": "sha256-Mb7jpqnrcYCfNSItIkkHpuR3YxWFxPuIBfcwNKlRBkk=",
        "owner": "Supreeeme",
        "repo": "xwayland-satellite",
        "rev": "8d135d3b2854b30fd01ea6cd6c27e523dd50a839",
        "type": "github"
      },
      "original": {
        "owner": "Supreeeme",
        "ref": "v0.8.2",
        "repo": "xwayland-satellite",
        "type": "github"
      }
    },
    "xwayland-satellite-unstable": {
      "flake": false,
      "locked": {
        "lastModified": 1788991189,
        "narHash": "sha256-0TxfMgqW0/BLD4M942c5DCKYrtPvzsPJwvdcco4LQUM=",
        "owner": "Supreeeme",
        "repo": "xwayland-satellite",
        "rev": "add2795134593faafce60e404a0a75df68e9ee0c",
        "type": "github"
      },
      "original": {
        "owner": "Supreeeme",
        "repo": "xwayland-satellite",
        "type": "github"
      }
    },
    "zen-browser": {
      "inputs": {
        "home-manager": [],
        "nixpkgs": [
          "nixpkgs"
        ]
      },
      "locked": {
        "lastModified": 1789763453,
        "narHash": "sha256-odKtnVD85ongiMfagtRXMdTQJoSmQHzmEBAH27QmFms=",
        "owner": "0xc000022070",
        "repo": "zen-browser-flake",
        "rev": "812a7ed1e6aa4ad468b4f9fd0d2bf908d52cf102",
        "type": "github"
      },
      "original": {
        "owner": "0xc000022070",
        "repo": "zen-browser-flake",
        "type": "github"
      }
    }
  },
  "root": "root",
  "version": 7
}
